---
- name: update httpd and restart firewalld
  hosts: all
  tasks:
  - name: block for conditional handling
    block:
    - name: update httpd
      yum:
        name: httpd
        state: latest

    - name: restart firewalld
      service:
        name: firewalld
        state: restarted
    when: ansible_distribution == 'RedHat'
